
Microsoft Visual Studio Solution File, Format Version 12.00
# Visual Studio Version 16
VisualStudioVersion = 16.0.30711.63
MinimumVisualStudioVersion = 10.0.40219.1
Project("{FAE04EC0-301F-11D3-BF4B-00C04F79EFBC}") = "ProvaAdmissionalCSharpApisul", "ProvaAdmissionalCSharpApisul.csproj", "{A7E47A44-3DC3-441F-85C1-529E809E15DE}"
EndProject
Global
	GlobalSection(SolutionConfigurationPlatforms) = preSolution
		Debug|Any CPU = Debug|Any CPU
		Release|Any CPU = Release|Any CPU
	EndGlobalSection
	GlobalSection(ProjectConfigurationPlatforms) = postSolution
		{A7E47A44-3DC3-441F-85C1-529E809E15DE}.Debug|Any CPU.ActiveCfg = Debug|Any CPU
		{A7E47A44-3DC3-441F-85C1-529E809E15DE}.Debug|Any CPU.Build.0 = Debug|Any CPU
		{A7E47A44-3DC3-441F-85C1-529E809E15DE}.Release|Any CPU.ActiveCfg = Release|Any CPU
		{A7E47A44-3DC3-441F-85C1-529E809E15DE}.Release|Any CPU.Build.0 = Release|Any CPU
	EndGlobalSection
	GlobalSection(SolutionProperties) = preSolution
		HideSolutionNode = FALSE
	EndGlobalSection
	GlobalSection(ExtensibilityGlobals) = postSolution
		SolutionGuid = {83DB33CA-C21A-49BC-8611-91607FC53DB8}
	EndGlobalSection
EndGlobal
